// !$*UTF8*$!
{
	archiveVersion = 1;
	classes = {
	};
	objectVersion = 56;
	objects = {

/* Begin PBXBuildFile section */
		1B5787A229B6A4EE004E2151 /* MockURLProtocol.swift in Sources */ = {isa = PBXBuildFile; fileRef = 1B5787A129B6A4EE004E2151 /* MockURLProtocol.swift */; };
		1B917D532976CB6800E57285 /* EPICApp.swift in Sources */ = {isa = PBXBuildFile; fileRef = 1B917D522976CB6800E57285 /* EPICApp.swift */; };
		1B917D552976CB6800E57285 /* ContentView.swift in Sources */ = {isa = PBXBuildFile; fileRef = 1B917D542976CB6800E57285 /* ContentView.swift */; };
		1B917D572976CB6B00E57285 /* Assets.xcassets in Resources */ = {isa = PBXBuildFile; fileRef = 1B917D562976CB6B00E57285 /* Assets.xcassets */; };
		1B917D5A2976CB6B00E57285 /* Preview Assets.xcassets in Resources */ = {isa = PBXBuildFile; fileRef = 1B917D592976CB6B00E57285 /* Preview Assets.xcassets */; };
		1B917D642976CB6C00E57285 /* EPICTests.swift in Sources */ = {isa = PBXBuildFile; fileRef = 1B917D632976CB6C00E57285 /* EPICTests.swift */; };
		1B917D6E2976CB6C00E57285 /* EPICUITests.swift in Sources */ = {isa = PBXBuildFile; fileRef = 1B917D6D2976CB6C00E57285 /* EPICUITests.swift */; };
		1B917D702976CB6C00E57285 /* EPICUITestsLaunchTests.swift in Sources */ = {isa = PBXBuildFile; fileRef = 1B917D6F2976CB6C00E57285 /* EPICUITestsLaunchTests.swift */; };
		1BA2B2562976D62700AA9BF0 /* Launch Screen.storyboard in Resources */ = {isa = PBXBuildFile; fileRef = 1BA2B2552976D62700AA9BF0 /* Launch Screen.storyboard */; };
		1BA2B25D2976DBB600AA9BF0 /* NetworkLayer.swift in Sources */ = {isa = PBXBuildFile; fileRef = 1BA2B25C2976DBB600AA9BF0 /* NetworkLayer.swift */; };
		1BA2B25F2976DE7300AA9BF0 /* JsonModels.swift in Sources */ = {isa = PBXBuildFile; fileRef = 1BA2B25E2976DE7300AA9BF0 /* JsonModels.swift */; };
		1BA2B2612976ED4A00AA9BF0 /* DatesListViewModel.swift in Sources */ = {isa = PBXBuildFile; fileRef = 1BA2B2602976ED4A00AA9BF0 /* DatesListViewModel.swift */; };
		1BA2B2652976F07800AA9BF0 /* DatesList.swift in Sources */ = {isa = PBXBuildFile; fileRef = 1BA2B2642976F07800AA9BF0 /* DatesList.swift */; };
		1BA2B2672976FDF400AA9BF0 /* DateListRow.swift in Sources */ = {isa = PBXBuildFile; fileRef = 1BA2B2662976FDF400AA9BF0 /* DateListRow.swift */; };
		1BA2B2692977112E00AA9BF0 /* NetworkLayerTests.swift in Sources */ = {isa = PBXBuildFile; fileRef = 1BA2B2682977112E00AA9BF0 /* NetworkLayerTests.swift */; };
		1BA2B26B29774DDB00AA9BF0 /* ContentIndicator.swift in Sources */ = {isa = PBXBuildFile; fileRef = 1BA2B26A29774DDB00AA9BF0 /* ContentIndicator.swift */; };
		1BA2B2732978BF1500AA9BF0 /* PhotoList.swift in Sources */ = {isa = PBXBuildFile; fileRef = 1BA2B2722978BF1500AA9BF0 /* PhotoList.swift */; };
		1BA2B2752978C1E800AA9BF0 /* NavigationLazyView.swift in Sources */ = {isa = PBXBuildFile; fileRef = 1BA2B2742978C1E800AA9BF0 /* NavigationLazyView.swift */; };
		1BB11A552978F53E0034B981 /* ImagesDataStorage.swift in Sources */ = {isa = PBXBuildFile; fileRef = 1BB11A542978F53E0034B981 /* ImagesDataStorage.swift */; };
		1BB6AF85297944690029E0DD /* PhotoListViewModel.swift in Sources */ = {isa = PBXBuildFile; fileRef = 1BB6AF84297944690029E0DD /* PhotoListViewModel.swift */; };
		1BB6AF87297946130029E0DD /* PhotoScreen.swift in Sources */ = {isa = PBXBuildFile; fileRef = 1BB6AF86297946130029E0DD /* PhotoScreen.swift */; };
		1BB6AF8B297958560029E0DD /* PlayerScreen.swift in Sources */ = {isa = PBXBuildFile; fileRef = 1BB6AF8A297958560029E0DD /* PlayerScreen.swift */; };
/* End PBXBuildFile section */

/* Begin PBXContainerItemProxy section */
		1B917D602976CB6C00E57285 /* PBXContainerItemProxy */ = {
			isa = PBXContainerItemProxy;
			containerPortal = 1B917D472976CB6800E57285 /* Project object */;
			proxyType = 1;
			remoteGlobalIDString = 1B917D4E2976CB6800E57285;
			remoteInfo = EPIC;
		};
		1B917D6A2976CB6C00E57285 /* PBXContainerItemProxy */ = {
			isa = PBXContainerItemProxy;
			containerPortal = 1B917D472976CB6800E57285 /* Project object */;
			proxyType = 1;
			remoteGlobalIDString = 1B917D4E2976CB6800E57285;
			remoteInfo = EPIC;
		};
/* End PBXContainerItemProxy section */

/* Begin PBXFileReference section */
		1B5787A129B6A4EE004E2151 /* MockURLProtocol.swift */ = {isa = PBXFileReference; lastKnownFileType = sourcecode.swift; path = MockURLProtocol.swift; sourceTree = "<group>"; };
		1B917D4F2976CB6800E57285 /* EPIC.app */ = {isa = PBXFileReference; explicitFileType = wrapper.application; includeInIndex = 0; path = EPIC.app; sourceTree = BUILT_PRODUCTS_DIR; };
		1B917D522976CB6800E57285 /* EPICApp.swift */ = {isa = PBXFileReference; lastKnownFileType = sourcecode.swift; path = EPICApp.swift; sourceTree = "<group>"; };
		1B917D542976CB6800E57285 /* ContentView.swift */ = {isa = PBXFileReference; lastKnownFileType = sourcecode.swift; path = ContentView.swift; sourceTree = "<group>"; };
		1B917D562976CB6B00E57285 /* Assets.xcassets */ = {isa = PBXFileReference; lastKnownFileType = folder.assetcatalog; path = Assets.xcassets; sourceTree = "<group>"; };
		1B917D592976CB6B00E57285 /* Preview Assets.xcassets */ = {isa = PBXFileReference; lastKnownFileType = folder.assetcatalog; path = "Preview Assets.xcassets"; sourceTree = "<group>"; };
		1B917D5F2976CB6C00E57285 /* EPICTests.xctest */ = {isa = PBXFileReference; explicitFileType = wrapper.cfbundle; includeInIndex = 0; path = EPICTests.xctest; sourceTree = BUILT_PRODUCTS_DIR; };
		1B917D632976CB6C00E57285 /* EPICTests.swift */ = {isa = PBXFileReference; lastKnownFileType = sourcecode.swift; path = EPICTests.swift; sourceTree = "<group>"; };
		1B917D692976CB6C00E57285 /* EPICUITests.xctest */ = {isa = PBXFileReference; explicitFileType = wrapper.cfbundle; includeInIndex = 0; path = EPICUITests.xctest; sourceTree = BUILT_PRODUCTS_DIR; };
		1B917D6D2976CB6C00E57285 /* EPICUITests.swift */ = {isa = PBXFileReference; lastKnownFileType = sourcecode.swift; path = EPICUITests.swift; sourceTree = "<group>"; };
		1B917D6F2976CB6C00E57285 /* EPICUITestsLaunchTests.swift */ = {isa = PBXFileReference; lastKnownFileType = sourcecode.swift; path = EPICUITestsLaunchTests.swift; sourceTree = "<group>"; };
		1BA2B2552976D62700AA9BF0 /* Launch Screen.storyboard */ = {isa = PBXFileReference; lastKnownFileType = file.storyboard; path = "Launch Screen.storyboard"; sourceTree = "<group>"; };
		1BA2B2572976D79800AA9BF0 /* Info.plist */ = {isa = PBXFileReference; lastKnownFileType = text.plist; path = Info.plist; sourceTree = "<group>"; };
		1BA2B25C2976DBB600AA9BF0 /* NetworkLayer.swift */ = {isa = PBXFileReference; lastKnownFileType = sourcecode.swift; path = NetworkLayer.swift; sourceTree = "<group>"; };
		1BA2B25E2976DE7300AA9BF0 /* JsonModels.swift */ = {isa = PBXFileReference; lastKnownFileType = sourcecode.swift; path = JsonModels.swift; sourceTree = "<group>"; };
		1BA2B2602976ED4A00AA9BF0 /* DatesListViewModel.swift */ = {isa = PBXFileReference; lastKnownFileType = sourcecode.swift; path = DatesListViewModel.swift; sourceTree = "<group>"; };
		1BA2B2642976F07800AA9BF0 /* DatesList.swift */ = {isa = PBXFileReference; lastKnownFileType = sourcecode.swift; path = DatesList.swift; sourceTree = "<group>"; };
		1BA2B2662976FDF400AA9BF0 /* DateListRow.swift */ = {isa = PBXFileReference; lastKnownFileType = sourcecode.swift; path = DateListRow.swift; sourceTree = "<group>"; };
		1BA2B2682977112E00AA9BF0 /* NetworkLayerTests.swift */ = {isa = PBXFileReference; lastKnownFileType = sourcecode.swift; path = NetworkLayerTests.swift; sourceTree = "<group>"; };
		1BA2B26A29774DDB00AA9BF0 /* ContentIndicator.swift */ = {isa = PBXFileReference; lastKnownFileType = sourcecode.swift; path = ContentIndicator.swift; sourceTree = "<group>"; };
		1BA2B2722978BF1500AA9BF0 /* PhotoList.swift */ = {isa = PBXFileReference; lastKnownFileType = sourcecode.swift; path = PhotoList.swift; sourceTree = "<group>"; };
		1BA2B2742978C1E800AA9BF0 /* NavigationLazyView.swift */ = {isa = PBXFileReference; lastKnownFileType = sourcecode.swift; path = NavigationLazyView.swift; sourceTree = "<group>"; };
		1BB11A542978F53E0034B981 /* ImagesDataStorage.swift */ = {isa = PBXFileReference; lastKnownFileType = sourcecode.swift; path = ImagesDataStorage.swift; sourceTree = "<group>"; };
		1BB6AF84297944690029E0DD /* PhotoListViewModel.swift */ = {isa = PBXFileReference; lastKnownFileType = sourcecode.swift; path = PhotoListViewModel.swift; sourceTree = "<group>"; };
		1BB6AF86297946130029E0DD /* PhotoScreen.swift */ = {isa = PBXFileReference; lastKnownFileType = sourcecode.swift; path = PhotoScreen.swift; sourceTree = "<group>"; };
		1BB6AF8A297958560029E0DD /* PlayerScreen.swift */ = {isa = PBXFileReference; lastKnownFileType = sourcecode.swift; path = PlayerScreen.swift; sourceTree = "<group>"; };
/* End PBXFileReference section */

/* Begin PBXFrameworksBuildPhase section */
		1B917D4C2976CB6800E57285 /* Frameworks */ = {
			isa = PBXFrameworksBuildPhase;
			buildActionMask = 2147483647;
			files = (
			);
			runOnlyForDeploymentPostprocessing = 0;
		};
		1B917D5C2976CB6C00E57285 /* Frameworks */ = {
			isa = PBXFrameworksBuildPhase;
			buildActionMask = 2147483647;
			files = (
			);
			runOnlyForDeploymentPostprocessing = 0;
		};
		1B917D662976CB6C00E57285 /* Frameworks */ = {
			isa = PBXFrameworksBuildPhase;
			buildActionMask = 2147483647;
			files = (
			);
			runOnlyForDeploymentPostprocessing = 0;
		};
/* End PBXFrameworksBuildPhase section */

/* Begin PBXGroup section */
		1B917D462976CB6800E57285 = {
			isa = PBXGroup;
			children = (
				1B917D512976CB6800E57285 /* EPIC */,
				1B917D622976CB6C00E57285 /* EPICTests */,
				1B917D6C2976CB6C00E57285 /* EPICUITests */,
				1B917D502976CB6800E57285 /* Products */,
			);
			sourceTree = "<group>";
		};
		1B917D502976CB6800E57285 /* Products */ = {
			isa = PBXGroup;
			children = (
				1B917D4F2976CB6800E57285 /* EPIC.app */,
				1B917D5F2976CB6C00E57285 /* EPICTests.xctest */,
				1B917D692976CB6C00E57285 /* EPICUITests.xctest */,
			);
			name = Products;
			sourceTree = "<group>";
		};
		1B917D512976CB6800E57285 /* EPIC */ = {
			isa = PBXGroup;
			children = (
				1BA2B25B2976DA8C00AA9BF0 /* Services */,
				1BA2B25A2976D9DC00AA9BF0 /* Views */,
				1BA2B2592976D9D600AA9BF0 /* ViewModels */,
				1BA2B2582976D9C600AA9BF0 /* Models */,
				1BA2B2572976D79800AA9BF0 /* Info.plist */,
				1B917D522976CB6800E57285 /* EPICApp.swift */,
				1B917D542976CB6800E57285 /* ContentView.swift */,
				1B917D562976CB6B00E57285 /* Assets.xcassets */,
				1B917D582976CB6B00E57285 /* Preview Content */,
				1BA2B2552976D62700AA9BF0 /* Launch Screen.storyboard */,
			);
			path = EPIC;
			sourceTree = "<group>";
		};
		1B917D582976CB6B00E57285 /* Preview Content */ = {
			isa = PBXGroup;
			children = (
				1B917D592976CB6B00E57285 /* Preview Assets.xcassets */,
			);
			path = "Preview Content";
			sourceTree = "<group>";
		};
		1B917D622976CB6C00E57285 /* EPICTests */ = {
			isa = PBXGroup;
			children = (
				1B917D632976CB6C00E57285 /* EPICTests.swift */,
				1BA2B2682977112E00AA9BF0 /* NetworkLayerTests.swift */,
				1B5787A129B6A4EE004E2151 /* MockURLProtocol.swift */,
			);
			path = EPICTests;
			sourceTree = "<group>";
		};
		1B917D6C2976CB6C00E57285 /* EPICUITests */ = {
			isa = PBXGroup;
			children = (
				1B917D6D2976CB6C00E57285 /* EPICUITests.swift */,
				1B917D6F2976CB6C00E57285 /* EPICUITestsLaunchTests.swift */,
			);
			path = EPICUITests;
			sourceTree = "<group>";
		};
		1BA2B2582976D9C600AA9BF0 /* Models */ = {
			isa = PBXGroup;
			children = (
				1BA2B25E2976DE7300AA9BF0 /* JsonModels.swift */,
			);
			path = Models;
			sourceTree = "<group>";
		};
		1BA2B2592976D9D600AA9BF0 /* ViewModels */ = {
			isa = PBXGroup;
			children = (
				1BA2B2602976ED4A00AA9BF0 /* DatesListViewModel.swift */,
				1BB6AF84297944690029E0DD /* PhotoListViewModel.swift */,
			);
			path = ViewModels;
			sourceTree = "<group>";
		};
		1BA2B25A2976D9DC00AA9BF0 /* Views */ = {
			isa = PBXGroup;
			children = (
				1BA2B2642976F07800AA9BF0 /* DatesList.swift */,
				1BA2B2662976FDF400AA9BF0 /* DateListRow.swift */,
				1BA2B26A29774DDB00AA9BF0 /* ContentIndicator.swift */,
				1BA2B2722978BF1500AA9BF0 /* PhotoList.swift */,
				1BA2B2742978C1E800AA9BF0 /* NavigationLazyView.swift */,
				1BB6AF86297946130029E0DD /* PhotoScreen.swift */,
				1BB6AF8A297958560029E0DD /* PlayerScreen.swift */,
			);
			path = Views;
			sourceTree = "<group>";
		};
		1BA2B25B2976DA8C00AA9BF0 /* Services */ = {
			isa = PBXGroup;
			children = (
				1BA2B25C2976DBB600AA9BF0 /* NetworkLayer.swift */,
				1BB11A542978F53E0034B981 /* ImagesDataStorage.swift */,
			);
			path = Services;
			sourceTree = "<group>";
		};
/* End PBXGroup section */

/* Begin PBXNativeTarget section */
		1B917D4E2976CB6800E57285 /* EPIC */ = {
			isa = PBXNativeTarget;
			buildConfigurationList = 1B917D732976CB6C00E57285 /* Build configuration list for PBXNativeTarget "EPIC" */;
			buildPhases = (
				1B917D4B2976CB6800E57285 /* Sources */,
				1B917D4C2976CB6800E57285 /* Frameworks */,
				1B917D4D2976CB6800E57285 /* Resources */,
			);
			buildRules = (
			);
			dependencies = (
			);
			name = EPIC;
			productName = EPIC;
			productReference = 1B917D4F2976CB6800E57285 /* EPIC.app */;
			productType = "com.apple.product-type.application";
		};
		1B917D5E2976CB6C00E57285 /* EPICTests */ = {
			isa = PBXNativeTarget;
			buildConfigurationList = 1B917D762976CB6C00E57285 /* Build configuration list for PBXNativeTarget "EPICTests" */;
			buildPhases = (
				1B917D5B2976CB6C00E57285 /* Sources */,
				1B917D5C2976CB6C00E57285 /* Frameworks */,
				1B917D5D2976CB6C00E57285 /* Resources */,
			);
			buildRules = (
			);
			dependencies = (
				1B917D612976CB6C00E57285 /* PBXTargetDependency */,
			);
			name = EPICTests;
			productName = EPICTests;
			productReference = 1B917D5F2976CB6C00E57285 /* EPICTests.xctest */;
			productType = "com.apple.product-type.bundle.unit-test";
		};
		1B917D682976CB6C00E57285 /* EPICUITests */ = {
			isa = PBXNativeTarget;
			buildConfigurationList = 1B917D792976CB6C00E57285 /* Build configuration list for PBXNativeTarget "EPICUITests" */;
			buildPhases = (
				1B917D652976CB6C00E57285 /* Sources */,
				1B917D662976CB6C00E57285 /* Frameworks */,
				1B917D672976CB6C00E57285 /* Resources */,
			);
			buildRules = (
			);
			dependencies = (
				1B917D6B2976CB6C00E57285 /* PBXTargetDependency */,
			);
			name = EPICUITests;
			productName = EPICUITests;
			productReference = 1B917D692976CB6C00E57285 /* EPICUITests.xctest */;
			productType = "com.apple.product-type.bundle.ui-testing";
		};
/* End PBXNativeTarget section */

/* Begin PBXProject section */
		1B917D472976CB6800E57285 /* Project object */ = {
			isa = PBXProject;
			attributes = {
				BuildIndependentTargetsInParallel = 1;
				LastSwiftUpdateCheck = 1420;
				LastUpgradeCheck = 1420;
				TargetAttributes = {
					1B917D4E2976CB6800E57285 = {
						CreatedOnToolsVersion = 14.2;
					};
					1B917D5E2976CB6C00E57285 = {
						CreatedOnToolsVersion = 14.2;
						TestTargetID = 1B917D4E2976CB6800E57285;
					};
					1B917D682976CB6C00E57285 = {
						CreatedOnToolsVersion = 14.2;
						TestTargetID = 1B917D4E2976CB6800E57285;
					};
				};
			};
			buildConfigurationList = 1B917D4A2976CB6800E57285 /* Build configuration list for PBXProject "EPIC" */;
			compatibilityVersion = "Xcode 14.0";
			developmentRegion = en;
			hasScannedForEncodings = 0;
			knownRegions = (
				en,
				Base,
			);
			mainGroup = 1B917D462976CB6800E57285;
			productRefGroup = 1B917D502976CB6800E57285 /* Products */;
			projectDirPath = "";
			projectRoot = "";
			targets = (
				1B917D4E2976CB6800E57285 /* EPIC */,
				1B917D5E2976CB6C00E57285 /* EPICTests */,
				1B917D682976CB6C00E57285 /* EPICUITests */,
			);
		};
/* End PBXProject section */

/* Begin PBXResourcesBuildPhase section */
		1B917D4D2976CB6800E57285 /* Resources */ = {
			isa = PBXResourcesBuildPhase;
			buildActionMask = 2147483647;
			files = (
				1BA2B2562976D62700AA9BF0 /* Launch Screen.storyboard in Resources */,
				1B917D5A2976CB6B00E57285 /* Preview Assets.xcassets in Resources */,
				1B917D572976CB6B00E57285 /* Assets.xcassets in Resources */,
			);
			runOnlyForDeploymentPostprocessing = 0;
		};
		1B917D5D2976CB6C00E57285 /* Resources */ = {
			isa = PBXResourcesBuildPhase;
			buildActionMask = 2147483647;
			files = (
			);
			runOnlyForDeploymentPostprocessing = 0;
		};
		1B917D672976CB6C00E57285 /* Resources */ = {
			isa = PBXResourcesBuildPhase;
			buildActionMask = 2147483647;
			files = (
			);
			runOnlyForDeploymentPostprocessing = 0;
		};
/* End PBXResourcesBuildPhase section */

/* Begin PBXSourcesBuildPhase section */
		1B917D4B2976CB6800E57285 /* Sources */ = {
			isa = PBXSourcesBuildPhase;
			buildActionMask = 2147483647;
			files = (
				1BA2B2672976FDF400AA9BF0 /* DateListRow.swift in Sources */,
				1BA2B26B29774DDB00AA9BF0 /* ContentIndicator.swift in Sources */,
				1BA2B25D2976DBB600AA9BF0 /* NetworkLayer.swift in Sources */,
				1BA2B25F2976DE7300AA9BF0 /* JsonModels.swift in Sources */,
				1BB6AF8B297958560029E0DD /* PlayerScreen.swift in Sources */,
				1BA2B2752978C1E800AA9BF0 /* NavigationLazyView.swift in Sources */,
				1BA2B2652976F07800AA9BF0 /* DatesList.swift in Sources */,
				1BB11A552978F53E0034B981 /* ImagesDataStorage.swift in Sources */,
				1BA2B2732978BF1500AA9BF0 /* PhotoList.swift in Sources */,
				1BA2B2612976ED4A00AA9BF0 /* DatesListViewModel.swift in Sources */,
				1BB6AF85297944690029E0DD /* PhotoListViewModel.swift in Sources */,
				1B917D552976CB6800E57285 /* ContentView.swift in Sources */,
				1BB6AF87297946130029E0DD /* PhotoScreen.swift in Sources */,
				1B917D532976CB6800E57285 /* EPICApp.swift in Sources */,
			);
			runOnlyForDeploymentPostprocessing = 0;
		};
		1B917D5B2976CB6C00E57285 /* Sources */ = {
			isa = PBXSourcesBuildPhase;
			buildActionMask = 2147483647;
			files = (
				1B5787A229B6A4EE004E2151 /* MockURLProtocol.swift in Sources */,
				1BA2B2692977112E00AA9BF0 /* NetworkLayerTests.swift in Sources */,
				1B917D642976CB6C00E57285 /* EPICTests.swift in Sources */,
			);
			runOnlyForDeploymentPostprocessing = 0;
		};
		1B917D652976CB6C00E57285 /* Sources */ = {
			isa = PBXSourcesBuildPhase;
			buildActionMask = 2147483647;
			files = (
				1B917D6E2976CB6C00E57285 /* EPICUITests.swift in Sources */,
				1B917D702976CB6C00E57285 /* EPICUITestsLaunchTests.swift in Sources */,
			);
			runOnlyForDeploymentPostprocessing = 0;
		};
/* End PBXSourcesBuildPhase section */

/* Begin PBXTargetDependency section */
		1B917D612976CB6C00E57285 /* PBXTargetDependency */ = {
			isa = PBXTargetDependency;
			target = 1B917D4E2976CB6800E57285 /* EPIC */;
			targetProxy = 1B917D602976CB6C00E57285 /* PBXContainerItemProxy */;
		};
		1B917D6B2976CB6C00E57285 /* PBXTargetDependency */ = {
			isa = PBXTargetDependency;
			target = 1B917D4E2976CB6800E57285 /* EPIC */;
			targetProxy = 1B917D6A2976CB6C00E57285 /* PBXContainerItemProxy */;
		};
/* End PBXTargetDependency section */

/* Begin XCBuildConfiguration section */
		1B917D712976CB6C00E57285 /* Debug */ = {
			isa = XCBuildConfiguration;
			buildSettings = {
				ALWAYS_SEARCH_USER_PATHS = NO;
				CLANG_ANALYZER_NONNULL = YES;
				CLANG_ANALYZER_NUMBER_OBJECT_CONVERSION = YES_AGGRESSIVE;
				CLANG_CXX_LANGUAGE_STANDARD = "gnu++20";
				CLANG_ENABLE_MODULES = YES;
				CLANG_ENABLE_OBJC_ARC = YES;
				CLANG_ENABLE_OBJC_WEAK = YES;
				CLANG_WARN_BLOCK_CAPTURE_AUTORELEASING = YES;
				CLANG_WARN_BOOL_CONVERSION = YES;
				CLANG_WARN_COMMA = YES;
				CLANG_WARN_CONSTANT_CONVERSION = YES;
				CLANG_WARN_DEPRECATED_OBJC_IMPLEMENTATIONS = YES;
				CLANG_WARN_DIRECT_OBJC_ISA_USAGE = YES_ERROR;
				CLANG_WARN_DOCUMENTATION_COMMENTS = YES;
				CLANG_WARN_EMPTY_BODY = YES;
				CLANG_WARN_ENUM_CONVERSION = YES;
				CLANG_WARN_INFINITE_RECURSION = YES;
				CLANG_WARN_INT_CONVERSION = YES;
				CLANG_WARN_NON_LITERAL_NULL_CONVERSION = YES;
				CLANG_WARN_OBJC_IMPLICIT_RETAIN_SELF = YES;
				CLANG_WARN_OBJC_LITERAL_CONVERSION = YES;
				CLANG_WARN_OBJC_ROOT_CLASS = YES_ERROR;
				CLANG_WARN_QUOTED_INCLUDE_IN_FRAMEWORK_HEADER = YES;
				CLANG_WARN_RANGE_LOOP_ANALYSIS = YES;
				CLANG_WARN_STRICT_PROTOTYPES = YES;
				CLANG_WARN_SUSPICIOUS_MOVE = YES;
				CLANG_WARN_UNGUARDED_AVAILABILITY = YES_AGGRESSIVE;
				CLANG_WARN_UNREACHABLE_CODE = YES;
				CLANG_WARN__DUPLICATE_METHOD_MATCH = YES;
				COPY_PHASE_STRIP = NO;
				DEBUG_INFORMATION_FORMAT = dwarf;
				ENABLE_STRICT_OBJC_MSGSEND = YES;
				ENABLE_TESTABILITY = YES;
				GCC_C_LANGUAGE_STANDARD = gnu11;
				GCC_DYNAMIC_NO_PIC = NO;
				GCC_NO_COMMON_BLOCKS = YES;
				GCC_OPTIMIZATION_LEVEL = 0;
				GCC_PREPROCESSOR_DEFINITIONS = (
					"DEBUG=1",
					"$(inherited)",
				);
				GCC_WARN_64_TO_32_BIT_CONVERSION = YES;
				GCC_WARN_ABOUT_RETURN_TYPE = YES_ERROR;
				GCC_WARN_UNDECLARED_SELECTOR = YES;
				GCC_WARN_UNINITIALIZED_AUTOS = YES_AGGRESSIVE;
				GCC_WARN_UNUSED_FUNCTION = YES;
				GCC_WARN_UNUSED_VARIABLE = YES;
				IPHONEOS_DEPLOYMENT_TARGET = 16.0;
				MTL_ENABLE_DEBUG_INFO = INCLUDE_SOURCE;
				MTL_FAST_MATH = YES;
				ONLY_ACTIVE_ARCH = YES;
				SDKROOT = iphoneos;
				SWIFT_ACTIVE_COMPILATION_CONDITIONS = DEBUG;
				SWIFT_OPTIMIZATION_LEVEL = "-Onone";
			};
			name = Debug;
		};
		1B917D722976CB6C00E57285 /* Release */ = {
			isa = XCBuildConfiguration;
			buildSettings = {
				ALWAYS_SEARCH_USER_PATHS = NO;
				CLANG_ANALYZER_NONNULL = YES;
				CLANG_ANALYZER_NUMBER_OBJECT_CONVERSION = YES_AGGRESSIVE;
				CLANG_CXX_LANGUAGE_STANDARD = "gnu++20";
				CLANG_ENABLE_MODULES = YES;
				CLANG_ENABLE_OBJC_ARC = YES;
				CLANG_ENABLE_OBJC_WEAK = YES;
				CLANG_WARN_BLOCK_CAPTURE_AUTORELEASING = YES;
				CLANG_WARN_BOOL_CONVERSION = YES;
				CLANG_WARN_COMMA = YES;
				CLANG_WARN_CONSTANT_CONVERSION = YES;
				CLANG_WARN_DEPRECATED_OBJC_IMPLEMENTATIONS = YES;
				CLANG_WARN_DIRECT_OBJC_ISA_USAGE = YES_ERROR;
				CLANG_WARN_DOCUMENTATION_COMMENTS = YES;
				CLANG_WARN_EMPTY_BODY = YES;
				CLANG_WARN_ENUM_CONVERSION = YES;
				CLANG_WARN_INFINITE_RECURSION = YES;
				CLANG_WARN_INT_CONVERSION = YES;
				CLANG_WARN_NON_LITERAL_NULL_CONVERSION = YES;
				CLANG_WARN_OBJC_IMPLICIT_RETAIN_SELF = YES;
				CLANG_WARN_OBJC_LITERAL_CONVERSION = YES;
				CLANG_WARN_OBJC_ROOT_CLASS = YES_ERROR;
				CLANG_WARN_QUOTED_INCLUDE_IN_FRAMEWORK_HEADER = YES;
				CLANG_WARN_RANGE_LOOP_ANALYSIS = YES;
				CLANG_WARN_STRICT_PROTOTYPES = YES;
				CLANG_WARN_SUSPICIOUS_MOVE = YES;
				CLANG_WARN_UNGUARDED_AVAILABILITY = YES_AGGRESSIVE;
				CLANG_WARN_UNREACHABLE_CODE = YES;
				CLANG_WARN__DUPLICATE_METHOD_MATCH = YES;
				COPY_PHASE_STRIP = NO;
				DEBUG_INFORMATION_FORMAT = "dwarf-with-dsym";
				ENABLE_NS_ASSERTIONS = NO;
				ENABLE_STRICT_OBJC_MSGSEND = YES;
				GCC_C_LANGUAGE_STANDARD = gnu11;
				GCC_NO_COMMON_BLOCKS = YES;
				GCC_WARN_64_TO_32_BIT_CONVERSION = YES;
				GCC_WARN_ABOUT_RETURN_TYPE = YES_ERROR;
				GCC_WARN_UNDECLARED_SELECTOR = YES;
				GCC_WARN_UNINITIALIZED_AUTOS = YES_AGGRESSIVE;
				GCC_WARN_UNUSED_FUNCTION = YES;
				GCC_WARN_UNUSED_VARIABLE = YES;
				IPHONEOS_DEPLOYMENT_TARGET = 16.0;
				MTL_ENABLE_DEBUG_INFO = NO;
				MTL_FAST_MATH = YES;
				SDKROOT = iphoneos;
				SWIFT_COMPILATION_MODE = wholemodule;
				SWIFT_OPTIMIZATION_LEVEL = "-O";
				VALIDATE_PRODUCT = YES;
			};
			name = Release;
		};
		1B917D742976CB6C00E57285 /* Debug */ = {
			isa = XCBuildConfiguration;
			buildSettings = {
				ASSETCATALOG_COMPILER_APPICON_NAME = AppIcon;
				ASSETCATALOG_COMPILER_GLOBAL_ACCENT_COLOR_NAME = AccentColor;
				CODE_SIGN_STYLE = Automatic;
				CURRENT_PROJECT_VERSION = 1;
				DEVELOPMENT_ASSET_PATHS = "\"EPIC/Preview Content\"";
				DEVELOPMENT_TEAM = 7SZ87Y56TN;
				ENABLE_PREVIEWS = YES;
				GENERATE_INFOPLIST_FILE = YES;
				INFOPLIST_FILE = EPIC/Info.plist;
				INFOPLIST_KEY_UIApplicationSceneManifest_Generation = YES;
				INFOPLIST_KEY_UIApplicationSupportsIndirectInputEvents = YES;
				INFOPLIST_KEY_UILaunchScreen_Generation = YES;
				INFOPLIST_KEY_UILaunchStoryboardName = "Launch Screen.storyboard";
				INFOPLIST_KEY_UISupportedInterfaceOrientations_iPad = "UIInterfaceOrientationPortrait UIInterfaceOrientationPortraitUpsideDown UIInterfaceOrientationLandscapeLeft UIInterfaceOrientationLandscapeRight";
				INFOPLIST_KEY_UISupportedInterfaceOrientations_iPhone = "UIInterfaceOrientationPortrait UIInterfaceOrientationLandscapeLeft UIInterfaceOrientationLandscapeRight";
				IPHONEOS_DEPLOYMENT_TARGET = 16.0;
				LD_RUNPATH_SEARCH_PATHS = (
					"$(inherited)",
					"@executable_path/Frameworks",
				);
				MARKETING_VERSION = 1.0;
				PRODUCT_BUNDLE_IDENTIFIER = com.myCompany.EPIC;
				PRODUCT_NAME = "$(TARGET_NAME)";
				SWIFT_EMIT_LOC_STRINGS = YES;
				SWIFT_VERSION = 5.0;
				TARGETED_DEVICE_FAMILY = "1,2";
			};
			name = Debug;
		};
		1B917D752976CB6C00E57285 /* Release */ = {
			isa = XCBuildConfiguration;
			buildSettings = {
				ASSETCATALOG_COMPILER_APPICON_NAME = AppIcon;
				ASSETCATALOG_COMPILER_GLOBAL_ACCENT_COLOR_NAME = AccentColor;
				CODE_SIGN_STYLE = Automatic;
				CURRENT_PROJECT_VERSION = 1;
				DEVELOPMENT_ASSET_PATHS = "\"EPIC/Preview Content\"";
				DEVELOPMENT_TEAM = 7SZ87Y56TN;
				ENABLE_PREVIEWS = YES;
				GENERATE_INFOPLIST_FILE = YES;
				INFOPLIST_FILE = EPIC/Info.plist;
				INFOPLIST_KEY_UIApplicationSceneManifest_Generation = YES;
				INFOPLIST_KEY_UIApplicationSupportsIndirectInputEvents = YES;
				INFOPLIST_KEY_UILaunchScreen_Generation = YES;
				INFOPLIST_KEY_UILaunchStoryboardName = "Launch Screen.storyboard";
				INFOPLIST_KEY_UISupportedInterfaceOrientations_iPad = "UIInterfaceOrientationPortrait UIInterfaceOrientationPortraitUpsideDown UIInterfaceOrientationLandscapeLeft UIInterfaceOrientationLandscapeRight";
				INFOPLIST_KEY_UISupportedInterfaceOrientations_iPhone = "UIInterfaceOrientationPortrait UIInterfaceOrientationLandscapeLeft UIInterfaceOrientationLandscapeRight";
				IPHONEOS_DEPLOYMENT_TARGET = 16.0;
				LD_RUNPATH_SEARCH_PATHS = (
					"$(inherited)",
					"@executable_path/Frameworks",
				);
				MARKETING_VERSION = 1.0;
				PRODUCT_BUNDLE_IDENTIFIER = com.myCompany.EPIC;
				PRODUCT_NAME = "$(TARGET_NAME)";
				SWIFT_EMIT_LOC_STRINGS = YES;
				SWIFT_VERSION = 5.0;
				TARGETED_DEVICE_FAMILY = "1,2";
			};
			name = Release;
		};
		1B917D772976CB6C00E57285 /* Debug */ = {
			isa = XCBuildConfiguration;
			buildSettings = {
				ALWAYS_EMBED_SWIFT_STANDARD_LIBRARIES = YES;
				BUNDLE_LOADER = "$(TEST_HOST)";
				CODE_SIGN_STYLE = Automatic;
				CURRENT_PROJECT_VERSION = 1;
				DEVELOPMENT_TEAM = 7SZ87Y56TN;
				GENERATE_INFOPLIST_FILE = YES;
				IPHONEOS_DEPLOYMENT_TARGET = 16.0;
				MARKETING_VERSION = 1.0;
				PRODUCT_BUNDLE_IDENTIFIER = com.myCompany.EPICTests;
				PRODUCT_NAME = "$(TARGET_NAME)";
				SWIFT_EMIT_LOC_STRINGS = NO;
				SWIFT_VERSION = 5.0;
				TARGETED_DEVICE_FAMILY = "1,2";
				TEST_HOST = "$(BUILT_PRODUCTS_DIR)/EPIC.app/$(BUNDLE_EXECUTABLE_FOLDER_PATH)/EPIC";
			};
			name = Debug;
		};
		1B917D782976CB6C00E57285 /* Release */ = {
			isa = XCBuildConfiguration;
			buildSettings = {
				ALWAYS_EMBED_SWIFT_STANDARD_LIBRARIES = YES;
				BUNDLE_LOADER = "$(TEST_HOST)";
				CODE_SIGN_STYLE = Automatic;
				CURRENT_PROJECT_VERSION = 1;
				DEVELOPMENT_TEAM = 7SZ87Y56TN;
				GENERATE_INFOPLIST_FILE = YES;
				IPHONEOS_DEPLOYMENT_TARGET = 16.0;
				MARKETING_VERSION = 1.0;
				PRODUCT_BUNDLE_IDENTIFIER = com.myCompany.EPICTests;
				PRODUCT_NAME = "$(TARGET_NAME)";
				SWIFT_EMIT_LOC_STRINGS = NO;
				SWIFT_VERSION = 5.0;
				TARGETED_DEVICE_FAMILY = "1,2";
				TEST_HOST = "$(BUILT_PRODUCTS_DIR)/EPIC.app/$(BUNDLE_EXECUTABLE_FOLDER_PATH)/EPIC";
			};
			name = Release;
		};
		1B917D7A2976CB6C00E57285 /* Debug */ = {
			isa = XCBuildConfiguration;
			buildSettings = {
				ALWAYS_EMBED_SWIFT_STANDARD_LIBRARIES = YES;
				CODE_SIGN_STYLE = Automatic;
				CURRENT_PROJECT_VERSION = 1;
				DEVELOPMENT_TEAM = 7SZ87Y56TN;
				GENERATE_INFOPLIST_FILE = YES;
				MARKETING_VERSION = 1.0;
				PRODUCT_BUNDLE_IDENTIFIER = com.myCompany.EPICUITests;
				PRODUCT_NAME = "$(TARGET_NAME)";
				SWIFT_EMIT_LOC_STRINGS = NO;
				SWIFT_VERSION = 5.0;
				TARGETED_DEVICE_FAMILY = "1,2";
				TEST_TARGET_NAME = EPIC;
			};
			name = Debug;
		};
		1B917D7B2976CB6C00E57285 /* Release */ = {
			isa = XCBuildConfiguration;
			buildSettings = {
				ALWAYS_EMBED_SWIFT_STANDARD_LIBRARIES = YES;
				CODE_SIGN_STYLE = Automatic;
				CURRENT_PROJECT_VERSION = 1;
				DEVELOPMENT_TEAM = 7SZ87Y56TN;
				GENERATE_INFOPLIST_FILE = YES;
				MARKETING_VERSION = 1.0;
				PRODUCT_BUNDLE_IDENTIFIER = com.myCompany.EPICUITests;
				PRODUCT_NAME = "$(TARGET_NAME)";
				SWIFT_EMIT_LOC_STRINGS = NO;
				SWIFT_VERSION = 5.0;
				TARGETED_DEVICE_FAMILY = "1,2";
				TEST_TARGET_NAME = EPIC;
			};
			name = Release;
		};
/* End XCBuildConfiguration section */

/* Begin XCConfigurationList section */
		1B917D4A2976CB6800E57285 /* Build configuration list for PBXProject "EPIC" */ = {
			isa = XCConfigurationList;
			buildConfigurations = (
				1B917D712976CB6C00E57285 /* Debug */,
				1B917D722976CB6C00E57285 /* Release */,
			);
			defaultConfigurationIsVisible = 0;
			defaultConfigurationName = Release;
		};
		1B917D732976CB6C00E57285 /* Build configuration list for PBXNativeTarget "EPIC" */ = {
			isa = XCConfigurationList;
			buildConfigurations = (
				1B917D742976CB6C00E57285 /* Debug */,
				1B917D752976CB6C00E57285 /* Release */,
			);
			defaultConfigurationIsVisible = 0;
			defaultConfigurationName = Release;
		};
		1B917D762976CB6C00E57285 /* Build configuration list for PBXNativeTarget "EPICTests" */ = {
			isa = XCConfigurationList;
			buildConfigurations = (
				1B917D772976CB6C00E57285 /* Debug */,
				1B917D782976CB6C00E57285 /* Release */,
			);
			defaultConfigurationIsVisible = 0;
			defaultConfigurationName = Release;
		};
		1B917D792976CB6C00E57285 /* Build configuration list for PBXNativeTarget "EPICUITests" */ = {
			isa = XCConfigurationList;
			buildConfigurations = (
				1B917D7A2976CB6C00E57285 /* Debug */,
				1B917D7B2976CB6C00E57285 /* Release */,
			);
			defaultConfigurationIsVisible = 0;
			defaultConfigurationName = Release;
		};
/* End XCConfigurationList section */
	};
	rootObject = 1B917D472976CB6800E57285 /* Project object */;
}
